// !$*UTF8*$!
{
	archiveVersion = 1;
	classes = {
	};
	objectVersion = 50;
	objects = {

/* Begin PBXBuildFile section */
		F10B953624B8573900102D20 /* AppDelegate.m in Sources */ = {isa = PBXBuildFile; fileRef = F10B953524B8573900102D20 /* AppDelegate.m */; };
		F10B953924B8573900102D20 /* SceneDelegate.m in Sources */ = {isa = PBXBuildFile; fileRef = F10B953824B8573900102D20 /* SceneDelegate.m */; };
		F10B953C24B8573900102D20 /* ViewController.m in Sources */ = {isa = PBXBuildFile; fileRef = F10B953B24B8573900102D20 /* ViewController.m */; };
		F10B953F24B8573900102D20 /* Main.storyboard in Resources */ = {isa = PBXBuildFile; fileRef = F10B953D24B8573900102D20 /* Main.storyboard */; };
		F10B954124B8573D00102D20 /* Assets.xcassets in Resources */ = {isa = PBXBuildFile; fileRef = F10B954024B8573D00102D20 /* Assets.xcassets */; };
		F10B954424B8573D00102D20 /* LaunchScreen.storyboard in Resources */ = {isa = PBXBuildFile; fileRef = F10B954224B8573D00102D20 /* LaunchScreen.storyboard */; };
		F10B954724B8573D00102D20 /* main.m in Sources */ = {isa = PBXBuildFile; fileRef = F10B954624B8573D00102D20 /* main.m */; };
		F10B955124B8577500102D20 /* libStaticLibraryTool.a in Frameworks */ = {isa = PBXBuildFile; fileRef = F10B954F24B8577500102D20 /* libStaticLibraryTool.a */; };
		F10B955324B85D4100102D20 /* music.png in Resources */ = {isa = PBXBuildFile; fileRef = F10B955224B85D4100102D20 /* music.png */; };
/* End PBXBuildFile section */

/* Begin PBXFileReference section */
		F10B953124B8573900102D20 /* DemoA.app */ = {isa = PBXFileReference; explicitFileType = wrapper.application; includeInIndex = 0; path = DemoA.app; sourceTree = BUILT_PRODUCTS_DIR; };
		F10B953424B8573900102D20 /* AppDelegate.h */ = {isa = PBXFileReference; lastKnownFileType = sourcecode.c.h; path = AppDelegate.h; sourceTree = "<group>"; };
		F10B953524B8573900102D20 /* AppDelegate.m */ = {isa = PBXFileReference; lastKnownFileType = sourcecode.c.objc; path = AppDelegate.m; sourceTree = "<group>"; };
		F10B953724B8573900102D20 /* SceneDelegate.h */ = {isa = PBXFileReference; lastKnownFileType = sourcecode.c.h; path = SceneDelegate.h; sourceTree = "<group>"; };
		F10B953824B8573900102D20 /* SceneDelegate.m */ = {isa = PBXFileReference; lastKnownFileType = sourcecode.c.objc; path = SceneDelegate.m; sourceTree = "<group>"; };
		F10B953A24B8573900102D20 /* ViewController.h */ = {isa = PBXFileReference; lastKnownFileType = sourcecode.c.h; path = ViewController.h; sourceTree = "<group>"; };
		F10B953B24B8573900102D20 /* ViewController.m */ = {isa = PBXFileReference; lastKnownFileType = sourcecode.c.objc; path = ViewController.m; sourceTree = "<group>"; };
		F10B953E24B8573900102D20 /* Base */ = {isa = PBXFileReference; lastKnownFileType = file.storyboard; name = Base; path = Base.lproj/Main.storyboard; sourceTree = "<group>"; };
		F10B954024B8573D00102D20 /* Assets.xcassets */ = {isa = PBXFileReference; lastKnownFileType = folder.assetcatalog; path = Assets.xcassets; sourceTree = "<group>"; };
		F10B954324B8573D00102D20 /* Base */ = {isa = PBXFileReference; lastKnownFileType = file.storyboard; name = Base; path = Base.lproj/LaunchScreen.storyboard; sourceTree = "<group>"; };
		F10B954524B8573D00102D20 /* Info.plist */ = {isa = PBXFileReference; lastKnownFileType = text.plist.xml; path = Info.plist; sourceTree = "<group>"; };
		F10B954624B8573D00102D20 /* main.m */ = {isa = PBXFileReference; lastKnownFileType = sourcecode.c.objc; path = main.m; sourceTree = "<group>"; };
		F10B954E24B8577500102D20 /* Person.h */ = {isa = PBXFileReference; fileEncoding = 4; lastKnownFileType = sourcecode.c.h; path = Person.h; sourceTree = "<group>"; };
		F10B954F24B8577500102D20 /* libStaticLibraryTool.a */ = {isa = PBXFileReference; lastKnownFileType = archive.ar; path = libStaticLibraryTool.a; sourceTree = "<group>"; };
		F10B955024B8577500102D20 /* UIImage+Extension.h */ = {isa = PBXFileReference; fileEncoding = 4; lastKnownFileType = sourcecode.c.h; path = "UIImage+Extension.h"; sourceTree = "<group>"; };
		F10B955224B85D4100102D20 /* music.png */ = {isa = PBXFileReference; lastKnownFileType = image.png; path = music.png; sourceTree = "<group>"; };
/* End PBXFileReference section */

/* Begin PBXFrameworksBuildPhase section */
		F10B952E24B8573900102D20 /* Frameworks */ = {
			isa = PBXFrameworksBuildPhase;
			buildActionMask = 2147483647;
			files = (
				F10B955124B8577500102D20 /* libStaticLibraryTool.a in Frameworks */,
			);
			runOnlyForDeploymentPostprocessing = 0;
		};
/* End PBXFrameworksBuildPhase section */

/* Begin PBXGroup section */
		F10B952824B8573900102D20 = {
			isa = PBXGroup;
			children = (
				F10B953324B8573900102D20 /* DemoA */,
				F10B953224B8573900102D20 /* Products */,
			);
			sourceTree = "<group>";
		};
		F10B953224B8573900102D20 /* Products */ = {
			isa = PBXGroup;
			children = (
				F10B953124B8573900102D20 /* DemoA.app */,
			);
			name = Products;
			sourceTree = "<group>";
		};
		F10B953324B8573900102D20 /* DemoA */ = {
			isa = PBXGroup;
			children = (
				F10B954D24B8577500102D20 /* libStaticLibraryTool */,
				F10B953424B8573900102D20 /* AppDelegate.h */,
				F10B953524B8573900102D20 /* AppDelegate.m */,
				F10B953724B8573900102D20 /* SceneDelegate.h */,
				F10B953824B8573900102D20 /* SceneDelegate.m */,
				F10B953A24B8573900102D20 /* ViewController.h */,
				F10B953B24B8573900102D20 /* ViewController.m */,
				F10B955224B85D4100102D20 /* music.png */,
				F10B953D24B8573900102D20 /* Main.storyboard */,
				F10B954024B8573D00102D20 /* Assets.xcassets */,
				F10B954224B8573D00102D20 /* LaunchScreen.storyboard */,
				F10B954524B8573D00102D20 /* Info.plist */,
				F10B954624B8573D00102D20 /* main.m */,
			);
			path = DemoA;
			sourceTree = "<group>";
		};
		F10B954D24B8577500102D20 /* libStaticLibraryTool */ = {
			isa = PBXGroup;
			children = (
				F10B954F24B8577500102D20 /* libStaticLibraryTool.a */,
				F10B954E24B8577500102D20 /* Person.h */,
				F10B955024B8577500102D20 /* UIImage+Extension.h */,
			);
			path = libStaticLibraryTool;
			sourceTree = "<group>";
		};
/* End PBXGroup section */

/* Begin PBXNativeTarget section */
		F10B953024B8573900102D20 /* DemoA */ = {
			isa = PBXNativeTarget;
			buildConfigurationList = F10B954A24B8573D00102D20 /* Build configuration list for PBXNativeTarget "DemoA" */;
			buildPhases = (
				F10B952D24B8573900102D20 /* Sources */,
				F10B952E24B8573900102D20 /* Frameworks */,
				F10B952F24B8573900102D20 /* Resources */,
			);
			buildRules = (
			);
			dependencies = (
			);
			name = DemoA;
			productName = DemoA;
			productReference = F10B953124B8573900102D20 /* DemoA.app */;
			productType = "com.apple.product-type.application";
		};
/* End PBXNativeTarget section */

/* Begin PBXProject section */
		F10B952924B8573900102D20 /* Project object */ = {
			isa = PBXProject;
			attributes = {
				LastUpgradeCheck = 1130;
				ORGANIZATIONNAME = "Hello Cai";
				TargetAttributes = {
					F10B953024B8573900102D20 = {
						CreatedOnToolsVersion = 11.3.1;
					};
				};
			};
			buildConfigurationList = F10B952C24B8573900102D20 /* Build configuration list for PBXProject "DemoA" */;
			compatibilityVersion = "Xcode 9.3";
			developmentRegion = en;
			hasScannedForEncodings = 0;
			knownRegions = (
				en,
				Base,
			);
			mainGroup = F10B952824B8573900102D20;
			productRefGroup = F10B953224B8573900102D20 /* Products */;
			projectDirPath = "";
			projectRoot = "";
			targets = (
				F10B953024B8573900102D20 /* DemoA */,
			);
		};
/* End PBXProject section */

/* Begin PBXResourcesBuildPhase section */
		F10B952F24B8573900102D20 /* Resources */ = {
			isa = PBXResourcesBuildPhase;
			buildActionMask = 2147483647;
			files = (
				F10B954424B8573D00102D20 /* LaunchScreen.storyboard in Resources */,
				F10B954124B8573D00102D20 /* Assets.xcassets in Resources */,
				F10B955324B85D4100102D20 /* music.png in Resources */,
				F10B953F24B8573900102D20 /* Main.storyboard in Resources */,
			);
			runOnlyForDeploymentPostprocessing = 0;
		};
/* End PBXResourcesBuildPhase section */

/* Begin PBXSourcesBuildPhase section */
		F10B952D24B8573900102D20 /* Sources */ = {
			isa = PBXSourcesBuildPhase;
			buildActionMask = 2147483647;
			files = (
				F10B953C24B8573900102D20 /* ViewController.m in Sources */,
				F10B953624B8573900102D20 /* AppDelegate.m in Sources */,
				F10B954724B8573D00102D20 /* main.m in Sources */,
				F10B953924B8573900102D20 /* SceneDelegate.m in Sources */,
			);
			runOnlyForDeploymentPostprocessing = 0;
		};
/* End PBXSourcesBuildPhase section */

/* Begin PBXVariantGroup section */
		F10B953D24B8573900102D20 /* Main.storyboard */ = {
			isa = PBXVariantGroup;
			children = (
				F10B953E24B8573900102D20 /* Base */,
			);
			name = Main.storyboard;
			sourceTree = "<group>";
		};
		F10B954224B8573D00102D20 /* LaunchScreen.storyboard */ = {
			isa = PBXVariantGroup;
			children = (
				F10B954324B8573D00102D20 /* Base */,
			);
			name = LaunchScreen.storyboard;
			sourceTree = "<group>";
		};
/* End PBXVariantGroup section */

/* Begin XCBuildConfiguration section */
		F10B954824B8573D00102D20 /* Debug */ = {
			isa = XCBuildConfiguration;
			buildSettings = {
				ALWAYS_SEARCH_USER_PATHS = NO;
				CLANG_ANALYZER_NONNULL = YES;
				CLANG_ANALYZER_NUMBER_OBJECT_CONVERSION = YES_AGGRESSIVE;
				CLANG_CXX_LANGUAGE_STANDARD = "gnu++14";
				CLANG_CXX_LIBRARY = "libc++";
				CLANG_ENABLE_MODULES = YES;
				CLANG_ENABLE_OBJC_ARC = YES;
				CLANG_ENABLE_OBJC_WEAK = YES;
				CLANG_WARN_BLOCK_CAPTURE_AUTORELEASING = YES;
				CLANG_WARN_BOOL_CONVERSION = YES;
				CLANG_WARN_COMMA = YES;
				CLANG_WARN_CONSTANT_CONVERSION = YES;
				CLANG_WARN_DEPRECATED_OBJC_IMPLEMENTATIONS = YES;
				CLANG_WARN_DIRECT_OBJC_ISA_USAGE = YES_ERROR;
				CLANG_WARN_DOCUMENTATION_COMMENTS = YES;
				CLANG_WARN_EMPTY_BODY = YES;
				CLANG_WARN_ENUM_CONVERSION = YES;
				CLANG_WARN_INFINITE_RECURSION = YES;
				CLANG_WARN_INT_CONVERSION = YES;
				CLANG_WARN_NON_LITERAL_NULL_CONVERSION = YES;
				CLANG_WARN_OBJC_IMPLICIT_RETAIN_SELF = YES;
				CLANG_WARN_OBJC_LITERAL_CONVERSION = YES;
				CLANG_WARN_OBJC_ROOT_CLASS = YES_ERROR;
				CLANG_WARN_RANGE_LOOP_ANALYSIS = YES;
				CLANG_WARN_STRICT_PROTOTYPES = YES;
				CLANG_WARN_SUSPICIOUS_MOVE = YES;
				CLANG_WARN_UNGUARDED_AVAILABILITY = YES_AGGRESSIVE;
				CLANG_WARN_UNREACHABLE_CODE = YES;
				CLANG_WARN__DUPLICATE_METHOD_MATCH = YES;
				COPY_PHASE_STRIP = NO;
				DEBUG_INFORMATION_FORMAT = dwarf;
				ENABLE_STRICT_OBJC_MSGSEND = YES;
				ENABLE_TESTABILITY = YES;
				GCC_C_LANGUAGE_STANDARD = gnu11;
				GCC_DYNAMIC_NO_PIC = NO;
				GCC_NO_COMMON_BLOCKS = YES;
				GCC_OPTIMIZATION_LEVEL = 0;
				GCC_PREPROCESSOR_DEFINITIONS = (
					"DEBUG=1",
					"$(inherited)",
				);
				GCC_WARN_64_TO_32_BIT_CONVERSION = YES;
				GCC_WARN_ABOUT_RETURN_TYPE = YES_ERROR;
				GCC_WARN_UNDECLARED_SELECTOR = YES;
				GCC_WARN_UNINITIALIZED_AUTOS = YES_AGGRESSIVE;
				GCC_WARN_UNUSED_FUNCTION = YES;
				GCC_WARN_UNUSED_VARIABLE = YES;
				IPHONEOS_DEPLOYMENT_TARGET = 13.2;
				MTL_ENABLE_DEBUG_INFO = INCLUDE_SOURCE;
				MTL_FAST_MATH = YES;
				ONLY_ACTIVE_ARCH = YES;
				SDKROOT = iphoneos;
			};
			name = Debug;
		};
		F10B954924B8573D00102D20 /* Release */ = {
			isa = XCBuildConfiguration;
			buildSettings = {
				ALWAYS_SEARCH_USER_PATHS = NO;
				CLANG_ANALYZER_NONNULL = YES;
				CLANG_ANALYZER_NUMBER_OBJECT_CONVERSION = YES_AGGRESSIVE;
				CLANG_CXX_LANGUAGE_STANDARD = "gnu++14";
				CLANG_CXX_LIBRARY = "libc++";
				CLANG_ENABLE_MODULES = YES;
				CLANG_ENABLE_OBJC_ARC = YES;
				CLANG_ENABLE_OBJC_WEAK = YES;
				CLANG_WARN_BLOCK_CAPTURE_AUTORELEASING = YES;
				CLANG_WARN_BOOL_CONVERSION = YES;
				CLANG_WARN_COMMA = YES;
				CLANG_WARN_CONSTANT_CONVERSION = YES;
				CLANG_WARN_DEPRECATED_OBJC_IMPLEMENTATIONS = YES;
				CLANG_WARN_DIRECT_OBJC_ISA_USAGE = YES_ERROR;
				CLANG_WARN_DOCUMENTATION_COMMENTS = YES;
				CLANG_WARN_EMPTY_BODY = YES;
				CLANG_WARN_ENUM_CONVERSION = YES;
				CLANG_WARN_INFINITE_RECURSION = YES;
				CLANG_WARN_INT_CONVERSION = YES;
				CLANG_WARN_NON_LITERAL_NULL_CONVERSION = YES;
				CLANG_WARN_OBJC_IMPLICIT_RETAIN_SELF = YES;
				CLANG_WARN_OBJC_LITERAL_CONVERSION = YES;
				CLANG_WARN_OBJC_ROOT_CLASS = YES_ERROR;
				CLANG_WARN_RANGE_LOOP_ANALYSIS = YES;
				CLANG_WARN_STRICT_PROTOTYPES = YES;
				CLANG_WARN_SUSPICIOUS_MOVE = YES;
				CLANG_WARN_UNGUARDED_AVAILABILITY = YES_AGGRESSIVE;
				CLANG_WARN_UNREACHABLE_CODE = YES;
				CLANG_WARN__DUPLICATE_METHOD_MATCH = YES;
				COPY_PHASE_STRIP = NO;
				DEBUG_INFORMATION_FORMAT = "dwarf-with-dsym";
				ENABLE_NS_ASSERTIONS = NO;
				ENABLE_STRICT_OBJC_MSGSEND = YES;
				GCC_C_LANGUAGE_STANDARD = gnu11;
				GCC_NO_COMMON_BLOCKS = YES;
				GCC_WARN_64_TO_32_BIT_CONVERSION = YES;
				GCC_WARN_ABOUT_RETURN_TYPE = YES_ERROR;
				GCC_WARN_UNDECLARED_SELECTOR = YES;
				GCC_WARN_UNINITIALIZED_AUTOS = YES_AGGRESSIVE;
				GCC_WARN_UNUSED_FUNCTION = YES;
				GCC_WARN_UNUSED_VARIABLE = YES;
				IPHONEOS_DEPLOYMENT_TARGET = 13.2;
				MTL_ENABLE_DEBUG_INFO = NO;
				MTL_FAST_MATH = YES;
				SDKROOT = iphoneos;
				VALIDATE_PRODUCT = YES;
			};
			name = Release;
		};
		F10B954B24B8573D00102D20 /* Debug */ = {
			isa = XCBuildConfiguration;
			buildSettings = {
				ASSETCATALOG_COMPILER_APPICON_NAME = AppIcon;
				CODE_SIGN_STYLE = Automatic;
				DEVELOPMENT_TEAM = WA9AKU89EB;
				INFOPLIST_FILE = DemoA/Info.plist;
				IPHONEOS_DEPLOYMENT_TARGET = 9.0;
				LD_RUNPATH_SEARCH_PATHS = (
					"$(inherited)",
					"@executable_path/Frameworks",
				);
				LIBRARY_SEARCH_PATHS = (
					"$(inherited)",
					"$(PROJECT_DIR)/DemoA/libStaticLibraryTool",
				);
				OTHER_LDFLAGS = "-ObjC";
				OTHER_LIBTOOLFLAGS = "";
				PRODUCT_BUNDLE_IDENTIFIER = com.CGH.DemoA;
				PRODUCT_NAME = "$(TARGET_NAME)";
				TARGETED_DEVICE_FAMILY = "1,2";
			};
			name = Debug;
		};
		F10B954C24B8573D00102D20 /* Release */ = {
			isa = XCBuildConfiguration;
			buildSettings = {
				ASSETCATALOG_COMPILER_APPICON_NAME = AppIcon;
				CODE_SIGN_STYLE = Automatic;
				DEVELOPMENT_TEAM = WA9AKU89EB;
				INFOPLIST_FILE = DemoA/Info.plist;
				IPHONEOS_DEPLOYMENT_TARGET = 9.0;
				LD_RUNPATH_SEARCH_PATHS = (
					"$(inherited)",
					"@executable_path/Frameworks",
				);
				LIBRARY_SEARCH_PATHS = (
					"$(inherited)",
					"$(PROJECT_DIR)/DemoA/libStaticLibraryTool",
				);
				OTHER_LDFLAGS = "-ObjC";
				OTHER_LIBTOOLFLAGS = "";
				PRODUCT_BUNDLE_IDENTIFIER = com.CGH.DemoA;
				PRODUCT_NAME = "$(TARGET_NAME)";
				TARGETED_DEVICE_FAMILY = "1,2";
			};
			name = Release;
		};
/* End XCBuildConfiguration section */

/* Begin XCConfigurationList section */
		F10B952C24B8573900102D20 /* Build configuration list for PBXProject "DemoA" */ = {
			isa = XCConfigurationList;
			buildConfigurations = (
				F10B954824B8573D00102D20 /* Debug */,
				F10B954924B8573D00102D20 /* Release */,
			);
			defaultConfigurationIsVisible = 0;
			defaultConfigurationName = Release;
		};
		F10B954A24B8573D00102D20 /* Build configuration list for PBXNativeTarget "DemoA" */ = {
			isa = XCConfigurationList;
			buildConfigurations = (
				F10B954B24B8573D00102D20 /* Debug */,
				F10B954C24B8573D00102D20 /* Release */,
			);
			defaultConfigurationIsVisible = 0;
			defaultConfigurationName = Release;
		};
/* End XCConfigurationList section */
	};
	rootObject = F10B952924B8573900102D20 /* Project object */;
}
