// !$*UTF8*$!
{
	archiveVersion = 1;
	classes = {
	};
	objectVersion = 55;
	objects = {

/* Begin PBXBuildFile section */
		F1E4E39B27D103D800B5F2DD /* AppDelegate.m in Sources */ = {isa = PBXBuildFile; fileRef = F1E4E39A27D103D800B5F2DD /* AppDelegate.m */; };
		F1E4E39E27D103D800B5F2DD /* SceneDelegate.m in Sources */ = {isa = PBXBuildFile; fileRef = F1E4E39D27D103D800B5F2DD /* SceneDelegate.m */; };
		F1E4E3A127D103D800B5F2DD /* ViewController.m in Sources */ = {isa = PBXBuildFile; fileRef = F1E4E3A027D103D800B5F2DD /* ViewController.m */; };
		F1E4E3A427D103D800B5F2DD /* Main.storyboard in Resources */ = {isa = PBXBuildFile; fileRef = F1E4E3A227D103D800B5F2DD /* Main.storyboard */; };
		F1E4E3A627D103DB00B5F2DD /* Assets.xcassets in Resources */ = {isa = PBXBuildFile; fileRef = F1E4E3A527D103DB00B5F2DD /* Assets.xcassets */; };
		F1E4E3A927D103DB00B5F2DD /* LaunchScreen.storyboard in Resources */ = {isa = PBXBuildFile; fileRef = F1E4E3A727D103DB00B5F2DD /* LaunchScreen.storyboard */; };
		F1E4E3AC27D103DB00B5F2DD /* main.m in Sources */ = {isa = PBXBuildFile; fileRef = F1E4E3AB27D103DB00B5F2DD /* main.m */; };
		F1E4E3B627D103DC00B5F2DD /* DemoFTests.m in Sources */ = {isa = PBXBuildFile; fileRef = F1E4E3B527D103DC00B5F2DD /* DemoFTests.m */; };
		F1E4E3C027D103DC00B5F2DD /* DemoFUITests.m in Sources */ = {isa = PBXBuildFile; fileRef = F1E4E3BF27D103DC00B5F2DD /* DemoFUITests.m */; };
		F1E4E3C227D103DC00B5F2DD /* DemoFUITestsLaunchTests.m in Sources */ = {isa = PBXBuildFile; fileRef = F1E4E3C127D103DC00B5F2DD /* DemoFUITestsLaunchTests.m */; };
		F1E4E3CF27D1043100B5F2DD /* StaticLibraryTool.framework in Frameworks */ = {isa = PBXBuildFile; fileRef = F1E4E3CE27D1043000B5F2DD /* StaticLibraryTool.framework */; };
		F1E4E3D127D1066500B5F2DD /* music.png in Resources */ = {isa = PBXBuildFile; fileRef = F1E4E3D027D1066500B5F2DD /* music.png */; };
/* End PBXBuildFile section */

/* Begin PBXContainerItemProxy section */
		F1E4E3B227D103DC00B5F2DD /* PBXContainerItemProxy */ = {
			isa = PBXContainerItemProxy;
			containerPortal = F1E4E38E27D103D800B5F2DD /* Project object */;
			proxyType = 1;
			remoteGlobalIDString = F1E4E39527D103D800B5F2DD;
			remoteInfo = DemoF;
		};
		F1E4E3BC27D103DC00B5F2DD /* PBXContainerItemProxy */ = {
			isa = PBXContainerItemProxy;
			containerPortal = F1E4E38E27D103D800B5F2DD /* Project object */;
			proxyType = 1;
			remoteGlobalIDString = F1E4E39527D103D800B5F2DD;
			remoteInfo = DemoF;
		};
/* End PBXContainerItemProxy section */

/* Begin PBXFileReference section */
		F1E4E39627D103D800B5F2DD /* DemoF.app */ = {isa = PBXFileReference; explicitFileType = wrapper.application; includeInIndex = 0; path = DemoF.app; sourceTree = BUILT_PRODUCTS_DIR; };
		F1E4E39927D103D800B5F2DD /* AppDelegate.h */ = {isa = PBXFileReference; lastKnownFileType = sourcecode.c.h; path = AppDelegate.h; sourceTree = "<group>"; };
		F1E4E39A27D103D800B5F2DD /* AppDelegate.m */ = {isa = PBXFileReference; lastKnownFileType = sourcecode.c.objc; path = AppDelegate.m; sourceTree = "<group>"; };
		F1E4E39C27D103D800B5F2DD /* SceneDelegate.h */ = {isa = PBXFileReference; lastKnownFileType = sourcecode.c.h; path = SceneDelegate.h; sourceTree = "<group>"; };
		F1E4E39D27D103D800B5F2DD /* SceneDelegate.m */ = {isa = PBXFileReference; lastKnownFileType = sourcecode.c.objc; path = SceneDelegate.m; sourceTree = "<group>"; };
		F1E4E39F27D103D800B5F2DD /* ViewController.h */ = {isa = PBXFileReference; lastKnownFileType = sourcecode.c.h; path = ViewController.h; sourceTree = "<group>"; };
		F1E4E3A027D103D800B5F2DD /* ViewController.m */ = {isa = PBXFileReference; lastKnownFileType = sourcecode.c.objc; path = ViewController.m; sourceTree = "<group>"; };
		F1E4E3A327D103D800B5F2DD /* Base */ = {isa = PBXFileReference; lastKnownFileType = file.storyboard; name = Base; path = Base.lproj/Main.storyboard; sourceTree = "<group>"; };
		F1E4E3A527D103DB00B5F2DD /* Assets.xcassets */ = {isa = PBXFileReference; lastKnownFileType = folder.assetcatalog; path = Assets.xcassets; sourceTree = "<group>"; };
		F1E4E3A827D103DB00B5F2DD /* Base */ = {isa = PBXFileReference; lastKnownFileType = file.storyboard; name = Base; path = Base.lproj/LaunchScreen.storyboard; sourceTree = "<group>"; };
		F1E4E3AA27D103DB00B5F2DD /* Info.plist */ = {isa = PBXFileReference; lastKnownFileType = text.plist.xml; path = Info.plist; sourceTree = "<group>"; };
		F1E4E3AB27D103DB00B5F2DD /* main.m */ = {isa = PBXFileReference; lastKnownFileType = sourcecode.c.objc; path = main.m; sourceTree = "<group>"; };
		F1E4E3B127D103DC00B5F2DD /* DemoFTests.xctest */ = {isa = PBXFileReference; explicitFileType = wrapper.cfbundle; includeInIndex = 0; path = DemoFTests.xctest; sourceTree = BUILT_PRODUCTS_DIR; };
		F1E4E3B527D103DC00B5F2DD /* DemoFTests.m */ = {isa = PBXFileReference; lastKnownFileType = sourcecode.c.objc; path = DemoFTests.m; sourceTree = "<group>"; };
		F1E4E3BB27D103DC00B5F2DD /* DemoFUITests.xctest */ = {isa = PBXFileReference; explicitFileType = wrapper.cfbundle; includeInIndex = 0; path = DemoFUITests.xctest; sourceTree = BUILT_PRODUCTS_DIR; };
		F1E4E3BF27D103DC00B5F2DD /* DemoFUITests.m */ = {isa = PBXFileReference; lastKnownFileType = sourcecode.c.objc; path = DemoFUITests.m; sourceTree = "<group>"; };
		F1E4E3C127D103DC00B5F2DD /* DemoFUITestsLaunchTests.m */ = {isa = PBXFileReference; lastKnownFileType = sourcecode.c.objc; path = DemoFUITestsLaunchTests.m; sourceTree = "<group>"; };
		F1E4E3CE27D1043000B5F2DD /* StaticLibraryTool.framework */ = {isa = PBXFileReference; lastKnownFileType = wrapper.framework; path = StaticLibraryTool.framework; sourceTree = "<group>"; };
		F1E4E3D027D1066500B5F2DD /* music.png */ = {isa = PBXFileReference; lastKnownFileType = image.png; path = music.png; sourceTree = "<group>"; };
/* End PBXFileReference section */

/* Begin PBXFrameworksBuildPhase section */
		F1E4E39327D103D800B5F2DD /* Frameworks */ = {
			isa = PBXFrameworksBuildPhase;
			buildActionMask = 2147483647;
			files = (
				F1E4E3CF27D1043100B5F2DD /* StaticLibraryTool.framework in Frameworks */,
			);
			runOnlyForDeploymentPostprocessing = 0;
		};
		F1E4E3AE27D103DC00B5F2DD /* Frameworks */ = {
			isa = PBXFrameworksBuildPhase;
			buildActionMask = 2147483647;
			files = (
			);
			runOnlyForDeploymentPostprocessing = 0;
		};
		F1E4E3B827D103DC00B5F2DD /* Frameworks */ = {
			isa = PBXFrameworksBuildPhase;
			buildActionMask = 2147483647;
			files = (
			);
			runOnlyForDeploymentPostprocessing = 0;
		};
/* End PBXFrameworksBuildPhase section */

/* Begin PBXGroup section */
		F1E4E38D27D103D800B5F2DD = {
			isa = PBXGroup;
			children = (
				F1E4E39827D103D800B5F2DD /* DemoF */,
				F1E4E3B427D103DC00B5F2DD /* DemoFTests */,
				F1E4E3BE27D103DC00B5F2DD /* DemoFUITests */,
				F1E4E39727D103D800B5F2DD /* Products */,
			);
			sourceTree = "<group>";
		};
		F1E4E39727D103D800B5F2DD /* Products */ = {
			isa = PBXGroup;
			children = (
				F1E4E39627D103D800B5F2DD /* DemoF.app */,
				F1E4E3B127D103DC00B5F2DD /* DemoFTests.xctest */,
				F1E4E3BB27D103DC00B5F2DD /* DemoFUITests.xctest */,
			);
			name = Products;
			sourceTree = "<group>";
		};
		F1E4E39827D103D800B5F2DD /* DemoF */ = {
			isa = PBXGroup;
			children = (
				F1E4E3CE27D1043000B5F2DD /* StaticLibraryTool.framework */,
				F1E4E39927D103D800B5F2DD /* AppDelegate.h */,
				F1E4E39A27D103D800B5F2DD /* AppDelegate.m */,
				F1E4E39C27D103D800B5F2DD /* SceneDelegate.h */,
				F1E4E39D27D103D800B5F2DD /* SceneDelegate.m */,
				F1E4E39F27D103D800B5F2DD /* ViewController.h */,
				F1E4E3A027D103D800B5F2DD /* ViewController.m */,
				F1E4E3D027D1066500B5F2DD /* music.png */,
				F1E4E3A227D103D800B5F2DD /* Main.storyboard */,
				F1E4E3A527D103DB00B5F2DD /* Assets.xcassets */,
				F1E4E3A727D103DB00B5F2DD /* LaunchScreen.storyboard */,
				F1E4E3AA27D103DB00B5F2DD /* Info.plist */,
				F1E4E3AB27D103DB00B5F2DD /* main.m */,
			);
			path = DemoF;
			sourceTree = "<group>";
		};
		F1E4E3B427D103DC00B5F2DD /* DemoFTests */ = {
			isa = PBXGroup;
			children = (
				F1E4E3B527D103DC00B5F2DD /* DemoFTests.m */,
			);
			path = DemoFTests;
			sourceTree = "<group>";
		};
		F1E4E3BE27D103DC00B5F2DD /* DemoFUITests */ = {
			isa = PBXGroup;
			children = (
				F1E4E3BF27D103DC00B5F2DD /* DemoFUITests.m */,
				F1E4E3C127D103DC00B5F2DD /* DemoFUITestsLaunchTests.m */,
			);
			path = DemoFUITests;
			sourceTree = "<group>";
		};
/* End PBXGroup section */

/* Begin PBXNativeTarget section */
		F1E4E39527D103D800B5F2DD /* DemoF */ = {
			isa = PBXNativeTarget;
			buildConfigurationList = F1E4E3C527D103DC00B5F2DD /* Build configuration list for PBXNativeTarget "DemoF" */;
			buildPhases = (
				F1E4E39227D103D800B5F2DD /* Sources */,
				F1E4E39327D103D800B5F2DD /* Frameworks */,
				F1E4E39427D103D800B5F2DD /* Resources */,
			);
			buildRules = (
			);
			dependencies = (
			);
			name = DemoF;
			productName = DemoF;
			productReference = F1E4E39627D103D800B5F2DD /* DemoF.app */;
			productType = "com.apple.product-type.application";
		};
		F1E4E3B027D103DC00B5F2DD /* DemoFTests */ = {
			isa = PBXNativeTarget;
			buildConfigurationList = F1E4E3C827D103DC00B5F2DD /* Build configuration list for PBXNativeTarget "DemoFTests" */;
			buildPhases = (
				F1E4E3AD27D103DC00B5F2DD /* Sources */,
				F1E4E3AE27D103DC00B5F2DD /* Frameworks */,
				F1E4E3AF27D103DC00B5F2DD /* Resources */,
			);
			buildRules = (
			);
			dependencies = (
				F1E4E3B327D103DC00B5F2DD /* PBXTargetDependency */,
			);
			name = DemoFTests;
			productName = DemoFTests;
			productReference = F1E4E3B127D103DC00B5F2DD /* DemoFTests.xctest */;
			productType = "com.apple.product-type.bundle.unit-test";
		};
		F1E4E3BA27D103DC00B5F2DD /* DemoFUITests */ = {
			isa = PBXNativeTarget;
			buildConfigurationList = F1E4E3CB27D103DC00B5F2DD /* Build configuration list for PBXNativeTarget "DemoFUITests" */;
			buildPhases = (
				F1E4E3B727D103DC00B5F2DD /* Sources */,
				F1E4E3B827D103DC00B5F2DD /* Frameworks */,
				F1E4E3B927D103DC00B5F2DD /* Resources */,
			);
			buildRules = (
			);
			dependencies = (
				F1E4E3BD27D103DC00B5F2DD /* PBXTargetDependency */,
			);
			name = DemoFUITests;
			productName = DemoFUITests;
			productReference = F1E4E3BB27D103DC00B5F2DD /* DemoFUITests.xctest */;
			productType = "com.apple.product-type.bundle.ui-testing";
		};
/* End PBXNativeTarget section */

/* Begin PBXProject section */
		F1E4E38E27D103D800B5F2DD /* Project object */ = {
			isa = PBXProject;
			attributes = {
				BuildIndependentTargetsInParallel = 1;
				LastUpgradeCheck = 1320;
				TargetAttributes = {
					F1E4E39527D103D800B5F2DD = {
						CreatedOnToolsVersion = 13.2.1;
					};
					F1E4E3B027D103DC00B5F2DD = {
						CreatedOnToolsVersion = 13.2.1;
						TestTargetID = F1E4E39527D103D800B5F2DD;
					};
					F1E4E3BA27D103DC00B5F2DD = {
						CreatedOnToolsVersion = 13.2.1;
						TestTargetID = F1E4E39527D103D800B5F2DD;
					};
				};
			};
			buildConfigurationList = F1E4E39127D103D800B5F2DD /* Build configuration list for PBXProject "DemoF" */;
			compatibilityVersion = "Xcode 13.0";
			developmentRegion = en;
			hasScannedForEncodings = 0;
			knownRegions = (
				en,
				Base,
			);
			mainGroup = F1E4E38D27D103D800B5F2DD;
			productRefGroup = F1E4E39727D103D800B5F2DD /* Products */;
			projectDirPath = "";
			projectRoot = "";
			targets = (
				F1E4E39527D103D800B5F2DD /* DemoF */,
				F1E4E3B027D103DC00B5F2DD /* DemoFTests */,
				F1E4E3BA27D103DC00B5F2DD /* DemoFUITests */,
			);
		};
/* End PBXProject section */

/* Begin PBXResourcesBuildPhase section */
		F1E4E39427D103D800B5F2DD /* Resources */ = {
			isa = PBXResourcesBuildPhase;
			buildActionMask = 2147483647;
			files = (
				F1E4E3A927D103DB00B5F2DD /* LaunchScreen.storyboard in Resources */,
				F1E4E3D127D1066500B5F2DD /* music.png in Resources */,
				F1E4E3A627D103DB00B5F2DD /* Assets.xcassets in Resources */,
				F1E4E3A427D103D800B5F2DD /* Main.storyboard in Resources */,
			);
			runOnlyForDeploymentPostprocessing = 0;
		};
		F1E4E3AF27D103DC00B5F2DD /* Resources */ = {
			isa = PBXResourcesBuildPhase;
			buildActionMask = 2147483647;
			files = (
			);
			runOnlyForDeploymentPostprocessing = 0;
		};
		F1E4E3B927D103DC00B5F2DD /* Resources */ = {
			isa = PBXResourcesBuildPhase;
			buildActionMask = 2147483647;
			files = (
			);
			runOnlyForDeploymentPostprocessing = 0;
		};
/* End PBXResourcesBuildPhase section */

/* Begin PBXSourcesBuildPhase section */
		F1E4E39227D103D800B5F2DD /* Sources */ = {
			isa = PBXSourcesBuildPhase;
			buildActionMask = 2147483647;
			files = (
				F1E4E3A127D103D800B5F2DD /* ViewController.m in Sources */,
				F1E4E39B27D103D800B5F2DD /* AppDelegate.m in Sources */,
				F1E4E3AC27D103DB00B5F2DD /* main.m in Sources */,
				F1E4E39E27D103D800B5F2DD /* SceneDelegate.m in Sources */,
			);
			runOnlyForDeploymentPostprocessing = 0;
		};
		F1E4E3AD27D103DC00B5F2DD /* Sources */ = {
			isa = PBXSourcesBuildPhase;
			buildActionMask = 2147483647;
			files = (
				F1E4E3B627D103DC00B5F2DD /* DemoFTests.m in Sources */,
			);
			runOnlyForDeploymentPostprocessing = 0;
		};
		F1E4E3B727D103DC00B5F2DD /* Sources */ = {
			isa = PBXSourcesBuildPhase;
			buildActionMask = 2147483647;
			files = (
				F1E4E3C227D103DC00B5F2DD /* DemoFUITestsLaunchTests.m in Sources */,
				F1E4E3C027D103DC00B5F2DD /* DemoFUITests.m in Sources */,
			);
			runOnlyForDeploymentPostprocessing = 0;
		};
/* End PBXSourcesBuildPhase section */

/* Begin PBXTargetDependency section */
		F1E4E3B327D103DC00B5F2DD /* PBXTargetDependency */ = {
			isa = PBXTargetDependency;
			target = F1E4E39527D103D800B5F2DD /* DemoF */;
			targetProxy = F1E4E3B227D103DC00B5F2DD /* PBXContainerItemProxy */;
		};
		F1E4E3BD27D103DC00B5F2DD /* PBXTargetDependency */ = {
			isa = PBXTargetDependency;
			target = F1E4E39527D103D800B5F2DD /* DemoF */;
			targetProxy = F1E4E3BC27D103DC00B5F2DD /* PBXContainerItemProxy */;
		};
/* End PBXTargetDependency section */

/* Begin PBXVariantGroup section */
		F1E4E3A227D103D800B5F2DD /* Main.storyboard */ = {
			isa = PBXVariantGroup;
			children = (
				F1E4E3A327D103D800B5F2DD /* Base */,
			);
			name = Main.storyboard;
			sourceTree = "<group>";
		};
		F1E4E3A727D103DB00B5F2DD /* LaunchScreen.storyboard */ = {
			isa = PBXVariantGroup;
			children = (
				F1E4E3A827D103DB00B5F2DD /* Base */,
			);
			name = LaunchScreen.storyboard;
			sourceTree = "<group>";
		};
/* End PBXVariantGroup section */

/* Begin XCBuildConfiguration section */
		F1E4E3C327D103DC00B5F2DD /* Debug */ = {
			isa = XCBuildConfiguration;
			buildSettings = {
				ALWAYS_SEARCH_USER_PATHS = NO;
				CLANG_ANALYZER_NONNULL = YES;
				CLANG_ANALYZER_NUMBER_OBJECT_CONVERSION = YES_AGGRESSIVE;
				CLANG_CXX_LANGUAGE_STANDARD = "gnu++17";
				CLANG_CXX_LIBRARY = "libc++";
				CLANG_ENABLE_MODULES = YES;
				CLANG_ENABLE_OBJC_ARC = YES;
				CLANG_ENABLE_OBJC_WEAK = YES;
				CLANG_WARN_BLOCK_CAPTURE_AUTORELEASING = YES;
				CLANG_WARN_BOOL_CONVERSION = YES;
				CLANG_WARN_COMMA = YES;
				CLANG_WARN_CONSTANT_CONVERSION = YES;
				CLANG_WARN_DEPRECATED_OBJC_IMPLEMENTATIONS = YES;
				CLANG_WARN_DIRECT_OBJC_ISA_USAGE = YES_ERROR;
				CLANG_WARN_DOCUMENTATION_COMMENTS = YES;
				CLANG_WARN_EMPTY_BODY = YES;
				CLANG_WARN_ENUM_CONVERSION = YES;
				CLANG_WARN_INFINITE_RECURSION = YES;
				CLANG_WARN_INT_CONVERSION = YES;
				CLANG_WARN_NON_LITERAL_NULL_CONVERSION = YES;
				CLANG_WARN_OBJC_IMPLICIT_RETAIN_SELF = YES;
				CLANG_WARN_OBJC_LITERAL_CONVERSION = YES;
				CLANG_WARN_OBJC_ROOT_CLASS = YES_ERROR;
				CLANG_WARN_QUOTED_INCLUDE_IN_FRAMEWORK_HEADER = YES;
				CLANG_WARN_RANGE_LOOP_ANALYSIS = YES;
				CLANG_WARN_STRICT_PROTOTYPES = YES;
				CLANG_WARN_SUSPICIOUS_MOVE = YES;
				CLANG_WARN_UNGUARDED_AVAILABILITY = YES_AGGRESSIVE;
				CLANG_WARN_UNREACHABLE_CODE = YES;
				CLANG_WARN__DUPLICATE_METHOD_MATCH = YES;
				COPY_PHASE_STRIP = NO;
				DEBUG_INFORMATION_FORMAT = dwarf;
				ENABLE_STRICT_OBJC_MSGSEND = YES;
				ENABLE_TESTABILITY = YES;
				GCC_C_LANGUAGE_STANDARD = gnu11;
				GCC_DYNAMIC_NO_PIC = NO;
				GCC_NO_COMMON_BLOCKS = YES;
				GCC_OPTIMIZATION_LEVEL = 0;
				GCC_PREPROCESSOR_DEFINITIONS = (
					"DEBUG=1",
					"$(inherited)",
				);
				GCC_WARN_64_TO_32_BIT_CONVERSION = YES;
				GCC_WARN_ABOUT_RETURN_TYPE = YES_ERROR;
				GCC_WARN_UNDECLARED_SELECTOR = YES;
				GCC_WARN_UNINITIALIZED_AUTOS = YES_AGGRESSIVE;
				GCC_WARN_UNUSED_FUNCTION = YES;
				GCC_WARN_UNUSED_VARIABLE = YES;
				IPHONEOS_DEPLOYMENT_TARGET = 9.0;
				MTL_ENABLE_DEBUG_INFO = INCLUDE_SOURCE;
				MTL_FAST_MATH = YES;
				ONLY_ACTIVE_ARCH = YES;
				SDKROOT = iphoneos;
			};
			name = Debug;
		};
		F1E4E3C427D103DC00B5F2DD /* Release */ = {
			isa = XCBuildConfiguration;
			buildSettings = {
				ALWAYS_SEARCH_USER_PATHS = NO;
				CLANG_ANALYZER_NONNULL = YES;
				CLANG_ANALYZER_NUMBER_OBJECT_CONVERSION = YES_AGGRESSIVE;
				CLANG_CXX_LANGUAGE_STANDARD = "gnu++17";
				CLANG_CXX_LIBRARY = "libc++";
				CLANG_ENABLE_MODULES = YES;
				CLANG_ENABLE_OBJC_ARC = YES;
				CLANG_ENABLE_OBJC_WEAK = YES;
				CLANG_WARN_BLOCK_CAPTURE_AUTORELEASING = YES;
				CLANG_WARN_BOOL_CONVERSION = YES;
				CLANG_WARN_COMMA = YES;
				CLANG_WARN_CONSTANT_CONVERSION = YES;
				CLANG_WARN_DEPRECATED_OBJC_IMPLEMENTATIONS = YES;
				CLANG_WARN_DIRECT_OBJC_ISA_USAGE = YES_ERROR;
				CLANG_WARN_DOCUMENTATION_COMMENTS = YES;
				CLANG_WARN_EMPTY_BODY = YES;
				CLANG_WARN_ENUM_CONVERSION = YES;
				CLANG_WARN_INFINITE_RECURSION = YES;
				CLANG_WARN_INT_CONVERSION = YES;
				CLANG_WARN_NON_LITERAL_NULL_CONVERSION = YES;
				CLANG_WARN_OBJC_IMPLICIT_RETAIN_SELF = YES;
				CLANG_WARN_OBJC_LITERAL_CONVERSION = YES;
				CLANG_WARN_OBJC_ROOT_CLASS = YES_ERROR;
				CLANG_WARN_QUOTED_INCLUDE_IN_FRAMEWORK_HEADER = YES;
				CLANG_WARN_RANGE_LOOP_ANALYSIS = YES;
				CLANG_WARN_STRICT_PROTOTYPES = YES;
				CLANG_WARN_SUSPICIOUS_MOVE = YES;
				CLANG_WARN_UNGUARDED_AVAILABILITY = YES_AGGRESSIVE;
				CLANG_WARN_UNREACHABLE_CODE = YES;
				CLANG_WARN__DUPLICATE_METHOD_MATCH = YES;
				COPY_PHASE_STRIP = NO;
				DEBUG_INFORMATION_FORMAT = "dwarf-with-dsym";
				ENABLE_NS_ASSERTIONS = NO;
				ENABLE_STRICT_OBJC_MSGSEND = YES;
				GCC_C_LANGUAGE_STANDARD = gnu11;
				GCC_NO_COMMON_BLOCKS = YES;
				GCC_WARN_64_TO_32_BIT_CONVERSION = YES;
				GCC_WARN_ABOUT_RETURN_TYPE = YES_ERROR;
				GCC_WARN_UNDECLARED_SELECTOR = YES;
				GCC_WARN_UNINITIALIZED_AUTOS = YES_AGGRESSIVE;
				GCC_WARN_UNUSED_FUNCTION = YES;
				GCC_WARN_UNUSED_VARIABLE = YES;
				IPHONEOS_DEPLOYMENT_TARGET = 9.0;
				MTL_ENABLE_DEBUG_INFO = NO;
				MTL_FAST_MATH = YES;
				SDKROOT = iphoneos;
				VALIDATE_PRODUCT = YES;
			};
			name = Release;
		};
		F1E4E3C627D103DC00B5F2DD /* Debug */ = {
			isa = XCBuildConfiguration;
			buildSettings = {
				ASSETCATALOG_COMPILER_APPICON_NAME = AppIcon;
				ASSETCATALOG_COMPILER_GLOBAL_ACCENT_COLOR_NAME = AccentColor;
				CODE_SIGN_STYLE = Automatic;
				CURRENT_PROJECT_VERSION = 1;
				DEVELOPMENT_TEAM = WA9AKU89EB;
				FRAMEWORK_SEARCH_PATHS = (
					"$(inherited)",
					"$(PROJECT_DIR)/DemoF",
				);
				GENERATE_INFOPLIST_FILE = YES;
				INFOPLIST_FILE = DemoF/Info.plist;
				INFOPLIST_KEY_UIApplicationSupportsIndirectInputEvents = YES;
				INFOPLIST_KEY_UILaunchStoryboardName = LaunchScreen;
				INFOPLIST_KEY_UIMainStoryboardFile = Main;
				INFOPLIST_KEY_UISupportedInterfaceOrientations_iPad = "UIInterfaceOrientationPortrait UIInterfaceOrientationPortraitUpsideDown UIInterfaceOrientationLandscapeLeft UIInterfaceOrientationLandscapeRight";
				INFOPLIST_KEY_UISupportedInterfaceOrientations_iPhone = "UIInterfaceOrientationPortrait UIInterfaceOrientationLandscapeLeft UIInterfaceOrientationLandscapeRight";
				IPHONEOS_DEPLOYMENT_TARGET = 9.0;
				LD_RUNPATH_SEARCH_PATHS = (
					"$(inherited)",
					"@executable_path/Frameworks",
				);
				MARKETING_VERSION = 1.0;
				OTHER_LDFLAGS = "-ObjC";
				PRODUCT_BUNDLE_IDENTIFIER = com.CGH.DemoF;
				PRODUCT_NAME = "$(TARGET_NAME)";
				SWIFT_EMIT_LOC_STRINGS = YES;
				TARGETED_DEVICE_FAMILY = "1,2";
			};
			name = Debug;
		};
		F1E4E3C727D103DC00B5F2DD /* Release */ = {
			isa = XCBuildConfiguration;
			buildSettings = {
				ASSETCATALOG_COMPILER_APPICON_NAME = AppIcon;
				ASSETCATALOG_COMPILER_GLOBAL_ACCENT_COLOR_NAME = AccentColor;
				CODE_SIGN_STYLE = Automatic;
				CURRENT_PROJECT_VERSION = 1;
				DEVELOPMENT_TEAM = WA9AKU89EB;
				FRAMEWORK_SEARCH_PATHS = (
					"$(inherited)",
					"$(PROJECT_DIR)/DemoF",
				);
				GENERATE_INFOPLIST_FILE = YES;
				INFOPLIST_FILE = DemoF/Info.plist;
				INFOPLIST_KEY_UIApplicationSupportsIndirectInputEvents = YES;
				INFOPLIST_KEY_UILaunchStoryboardName = LaunchScreen;
				INFOPLIST_KEY_UIMainStoryboardFile = Main;
				INFOPLIST_KEY_UISupportedInterfaceOrientations_iPad = "UIInterfaceOrientationPortrait UIInterfaceOrientationPortraitUpsideDown UIInterfaceOrientationLandscapeLeft UIInterfaceOrientationLandscapeRight";
				INFOPLIST_KEY_UISupportedInterfaceOrientations_iPhone = "UIInterfaceOrientationPortrait UIInterfaceOrientationLandscapeLeft UIInterfaceOrientationLandscapeRight";
				IPHONEOS_DEPLOYMENT_TARGET = 9.0;
				LD_RUNPATH_SEARCH_PATHS = (
					"$(inherited)",
					"@executable_path/Frameworks",
				);
				MARKETING_VERSION = 1.0;
				OTHER_LDFLAGS = "-ObjC";
				PRODUCT_BUNDLE_IDENTIFIER = com.CGH.DemoF;
				PRODUCT_NAME = "$(TARGET_NAME)";
				SWIFT_EMIT_LOC_STRINGS = YES;
				TARGETED_DEVICE_FAMILY = "1,2";
			};
			name = Release;
		};
		F1E4E3C927D103DC00B5F2DD /* Debug */ = {
			isa = XCBuildConfiguration;
			buildSettings = {
				BUNDLE_LOADER = "$(TEST_HOST)";
				CODE_SIGN_STYLE = Automatic;
				CURRENT_PROJECT_VERSION = 1;
				DEVELOPMENT_TEAM = WA9AKU89EB;
				GENERATE_INFOPLIST_FILE = YES;
				IPHONEOS_DEPLOYMENT_TARGET = 15.2;
				MARKETING_VERSION = 1.0;
				PRODUCT_BUNDLE_IDENTIFIER = com.CGH.DemoFTests;
				PRODUCT_NAME = "$(TARGET_NAME)";
				SWIFT_EMIT_LOC_STRINGS = NO;
				TARGETED_DEVICE_FAMILY = "1,2";
				TEST_HOST = "$(BUILT_PRODUCTS_DIR)/DemoF.app/DemoF";
			};
			name = Debug;
		};
		F1E4E3CA27D103DC00B5F2DD /* Release */ = {
			isa = XCBuildConfiguration;
			buildSettings = {
				BUNDLE_LOADER = "$(TEST_HOST)";
				CODE_SIGN_STYLE = Automatic;
				CURRENT_PROJECT_VERSION = 1;
				DEVELOPMENT_TEAM = WA9AKU89EB;
				GENERATE_INFOPLIST_FILE = YES;
				IPHONEOS_DEPLOYMENT_TARGET = 15.2;
				MARKETING_VERSION = 1.0;
				PRODUCT_BUNDLE_IDENTIFIER = com.CGH.DemoFTests;
				PRODUCT_NAME = "$(TARGET_NAME)";
				SWIFT_EMIT_LOC_STRINGS = NO;
				TARGETED_DEVICE_FAMILY = "1,2";
				TEST_HOST = "$(BUILT_PRODUCTS_DIR)/DemoF.app/DemoF";
			};
			name = Release;
		};
		F1E4E3CC27D103DC00B5F2DD /* Debug */ = {
			isa = XCBuildConfiguration;
			buildSettings = {
				CODE_SIGN_STYLE = Automatic;
				CURRENT_PROJECT_VERSION = 1;
				DEVELOPMENT_TEAM = WA9AKU89EB;
				GENERATE_INFOPLIST_FILE = YES;
				MARKETING_VERSION = 1.0;
				PRODUCT_BUNDLE_IDENTIFIER = com.CGH.DemoFUITests;
				PRODUCT_NAME = "$(TARGET_NAME)";
				SWIFT_EMIT_LOC_STRINGS = NO;
				TARGETED_DEVICE_FAMILY = "1,2";
				TEST_TARGET_NAME = DemoF;
			};
			name = Debug;
		};
		F1E4E3CD27D103DC00B5F2DD /* Release */ = {
			isa = XCBuildConfiguration;
			buildSettings = {
				CODE_SIGN_STYLE = Automatic;
				CURRENT_PROJECT_VERSION = 1;
				DEVELOPMENT_TEAM = WA9AKU89EB;
				GENERATE_INFOPLIST_FILE = YES;
				MARKETING_VERSION = 1.0;
				PRODUCT_BUNDLE_IDENTIFIER = com.CGH.DemoFUITests;
				PRODUCT_NAME = "$(TARGET_NAME)";
				SWIFT_EMIT_LOC_STRINGS = NO;
				TARGETED_DEVICE_FAMILY = "1,2";
				TEST_TARGET_NAME = DemoF;
			};
			name = Release;
		};
/* End XCBuildConfiguration section */

/* Begin XCConfigurationList section */
		F1E4E39127D103D800B5F2DD /* Build configuration list for PBXProject "DemoF" */ = {
			isa = XCConfigurationList;
			buildConfigurations = (
				F1E4E3C327D103DC00B5F2DD /* Debug */,
				F1E4E3C427D103DC00B5F2DD /* Release */,
			);
			defaultConfigurationIsVisible = 0;
			defaultConfigurationName = Release;
		};
		F1E4E3C527D103DC00B5F2DD /* Build configuration list for PBXNativeTarget "DemoF" */ = {
			isa = XCConfigurationList;
			buildConfigurations = (
				F1E4E3C627D103DC00B5F2DD /* Debug */,
				F1E4E3C727D103DC00B5F2DD /* Release */,
			);
			defaultConfigurationIsVisible = 0;
			defaultConfigurationName = Release;
		};
		F1E4E3C827D103DC00B5F2DD /* Build configuration list for PBXNativeTarget "DemoFTests" */ = {
			isa = XCConfigurationList;
			buildConfigurations = (
				F1E4E3C927D103DC00B5F2DD /* Debug */,
				F1E4E3CA27D103DC00B5F2DD /* Release */,
			);
			defaultConfigurationIsVisible = 0;
			defaultConfigurationName = Release;
		};
		F1E4E3CB27D103DC00B5F2DD /* Build configuration list for PBXNativeTarget "DemoFUITests" */ = {
			isa = XCConfigurationList;
			buildConfigurations = (
				F1E4E3CC27D103DC00B5F2DD /* Debug */,
				F1E4E3CD27D103DC00B5F2DD /* Release */,
			);
			defaultConfigurationIsVisible = 0;
			defaultConfigurationName = Release;
		};
/* End XCConfigurationList section */
	};
	rootObject = F1E4E38E27D103D800B5F2DD /* Project object */;
}
